
Microsoft Visual Studio Solution File, Format Version 12.00
# Visual Studio Version 16
VisualStudioVersion = 16.0.29728.190
MinimumVisualStudioVersion = 10.0.40219.1
Project("{FAE04EC0-301F-11D3-BF4B-00C04F79EFBC}") = "lib2", "lib2.csproj", "{8AFA9B79-6323-45FA-815A-CC09162AF930}"
EndProject
Global
	GlobalSection(SolutionConfigurationPlatforms) = preSolution
		Debug|Any CPU = Debug|Any CPU
		Release|Any CPU = Release|Any CPU
	EndGlobalSection
	GlobalSection(ProjectConfigurationPlatforms) = postSolution
		{8AFA9B79-6323-45FA-815A-CC09162AF930}.Debug|Any CPU.ActiveCfg = Debug|Any CPU
		{8AFA9B79-6323-45FA-815A-CC09162AF930}.Debug|Any CPU.Build.0 = Debug|Any CPU
		{8AFA9B79-6323-45FA-815A-CC09162AF930}.Release|Any CPU.ActiveCfg = Release|Any CPU
		{8AFA9B79-6323-45FA-815A-CC09162AF930}.Release|Any CPU.Build.0 = Release|Any CPU
	EndGlobalSection
	GlobalSection(SolutionProperties) = preSolution
		HideSolutionNode = FALSE
	EndGlobalSection
	GlobalSection(ExtensibilityGlobals) = postSolution
		SolutionGuid = {1828A3BA-947B-4032-8CD6-545FC6780819}
	EndGlobalSection
EndGlobal
